GEM
  remote: https://rubygems.org/
  specs:
    mini_portile2 (2.8.7)
    nokogiri (1.16.6)
      mini_portile2 (~> 2.8.2)
      racc (~> 1.4)
    racc (1.8.0)
    rake (13.2.1)
    webrick (1.8.1)
    zeitwerk (2.6.16)

PLATFORMS
  ruby

DEPENDENCIES
  nokogiri
  rake
  webrick
  zeitwerk

RUBY VERSION
   ruby 3.4.7p58

BUNDLED WITH
   2.4.5
